
Microsoft Visual Studio Solution File, Format Version 12.00
# Visual Studio Version 17
VisualStudioVersion = 17.6.33723.286
MinimumVisualStudioVersion = 10.0.40219.1
Project("{8BC9CEB8-8B4A-11D0-8D11-00A0C91BC942}") = "ioFile", "ioFile\ioFile.vcxproj", "{1E73A5D0-0928-4CCD-B591-E5843D48B20D}"
EndProject
Global
	GlobalSection(SolutionConfigurationPlatforms) = preSolution
		Debug|x64 = Debug|x64
		Debug|x86 = Debug|x86
		Release|x64 = Release|x64
		Release|x86 = Release|x86
	EndGlobalSection
	GlobalSection(ProjectConfigurationPlatforms) = postSolution
		{1E73A5D0-0928-4CCD-B591-E5843D48B20D}.Debug|x64.ActiveCfg = Debug|x64
		{1E73A5D0-0928-4CCD-B591-E5843D48B20D}.Debug|x64.Build.0 = Debug|x64
		{1E73A5D0-0928-4CCD-B591-E5843D48B20D}.Debug|x86.ActiveCfg = Debug|Win32
		{1E73A5D0-0928-4CCD-B591-E5843D48B20D}.Debug|x86.Build.0 = Debug|Win32
		{1E73A5D0-0928-4CCD-B591-E5843D48B20D}.Release|x64.ActiveCfg = Release|x64
		{1E73A5D0-0928-4CCD-B591-E5843D48B20D}.Release|x64.Build.0 = Release|x64
		{1E73A5D0-0928-4CCD-B591-E5843D48B20D}.Release|x86.ActiveCfg = Release|Win32
		{1E73A5D0-0928-4CCD-B591-E5843D48B20D}.Release|x86.Build.0 = Release|Win32
	EndGlobalSection
	GlobalSection(SolutionProperties) = preSolution
		HideSolutionNode = FALSE
	EndGlobalSection
	GlobalSection(ExtensibilityGlobals) = postSolution
		SolutionGuid = {B0DA76A5-60D8-422D-A326-6711A87BB791}
	EndGlobalSection
EndGlobal
